// !$*UTF8*$!
{
	archiveVersion = 1;
	classes = {
	};
	objectVersion = 46;
	objects = {

/* Begin PBXBuildFile section */
		5AEDAC191B170DBA00DDC8DC /* AppDelegate.swift in Sources */ = {isa = PBXBuildFile; fileRef = 5AEDAC181B170DBA00DDC8DC /* AppDelegate.swift */; };
		5AEDAC1B1B170DBA00DDC8DC /* ViewController.swift in Sources */ = {isa = PBXBuildFile; fileRef = 5AEDAC1A1B170DBA00DDC8DC /* ViewController.swift */; };
		5AEDAC1E1B170DBA00DDC8DC /* Main.storyboard in Resources */ = {isa = PBXBuildFile; fileRef = 5AEDAC1C1B170DBA00DDC8DC /* Main.storyboard */; };
		5AEDAC201B170DBA00DDC8DC /* Images.xcassets in Resources */ = {isa = PBXBuildFile; fileRef = 5AEDAC1F1B170DBA00DDC8DC /* Images.xcassets */; };
		5AEDAC231B170DBA00DDC8DC /* LaunchScreen.xib in Resources */ = {isa = PBXBuildFile; fileRef = 5AEDAC211B170DBA00DDC8DC /* LaunchScreen.xib */; };
		5AEDAC2F1B170DBA00DDC8DC /* ButtonTapTests.swift in Sources */ = {isa = PBXBuildFile; fileRef = 5AEDAC2E1B170DBA00DDC8DC /* ButtonTapTests.swift */; };
/* End PBXBuildFile section */

/* Begin PBXContainerItemProxy section */
		5AEDAC291B170DBA00DDC8DC /* PBXContainerItemProxy */ = {
			isa = PBXContainerItemProxy;
			containerPortal = 5AEDAC0B1B170DBA00DDC8DC /* Project object */;
			proxyType = 1;
			remoteGlobalIDString = 5AEDAC121B170DBA00DDC8DC;
			remoteInfo = ButtonTap;
		};
/* End PBXContainerItemProxy section */

/* Begin PBXFileReference section */
		5AEDAC131B170DBA00DDC8DC /* ButtonTap.app */ = {isa = PBXFileReference; explicitFileType = wrapper.application; includeInIndex = 0; path = ButtonTap.app; sourceTree = BUILT_PRODUCTS_DIR; };
		5AEDAC171B170DBA00DDC8DC /* Info.plist */ = {isa = PBXFileReference; lastKnownFileType = text.plist.xml; path = Info.plist; sourceTree = "<group>"; };
		5AEDAC181B170DBA00DDC8DC /* AppDelegate.swift */ = {isa = PBXFileReference; lastKnownFileType = sourcecode.swift; path = AppDelegate.swift; sourceTree = "<group>"; };
		5AEDAC1A1B170DBA00DDC8DC /* ViewController.swift */ = {isa = PBXFileReference; lastKnownFileType = sourcecode.swift; path = ViewController.swift; sourceTree = "<group>"; };
		5AEDAC1D1B170DBA00DDC8DC /* Base */ = {isa = PBXFileReference; lastKnownFileType = file.storyboard; name = Base; path = Base.lproj/Main.storyboard; sourceTree = "<group>"; };
		5AEDAC1F1B170DBA00DDC8DC /* Images.xcassets */ = {isa = PBXFileReference; lastKnownFileType = folder.assetcatalog; path = Images.xcassets; sourceTree = "<group>"; };
		5AEDAC221B170DBA00DDC8DC /* Base */ = {isa = PBXFileReference; lastKnownFileType = file.xib; name = Base; path = Base.lproj/LaunchScreen.xib; sourceTree = "<group>"; };
		5AEDAC281B170DBA00DDC8DC /* ButtonTapTests.xctest */ = {isa = PBXFileReference; explicitFileType = wrapper.cfbundle; includeInIndex = 0; path = ButtonTapTests.xctest; sourceTree = BUILT_PRODUCTS_DIR; };
		5AEDAC2D1B170DBA00DDC8DC /* Info.plist */ = {isa = PBXFileReference; lastKnownFileType = text.plist.xml; path = Info.plist; sourceTree = "<group>"; };
		5AEDAC2E1B170DBA00DDC8DC /* ButtonTapTests.swift */ = {isa = PBXFileReference; lastKnownFileType = sourcecode.swift; path = ButtonTapTests.swift; sourceTree = "<group>"; };
/* End PBXFileReference section */

/* Begin PBXFrameworksBuildPhase section */
		5AEDAC101B170DBA00DDC8DC /* Frameworks */ = {
			isa = PBXFrameworksBuildPhase;
			buildActionMask = 2147483647;
			files = (
			);
			runOnlyForDeploymentPostprocessing = 0;
		};
		5AEDAC251B170DBA00DDC8DC /* Frameworks */ = {
			isa = PBXFrameworksBuildPhase;
			buildActionMask = 2147483647;
			files = (
			);
			runOnlyForDeploymentPostprocessing = 0;
		};
/* End PBXFrameworksBuildPhase section */

/* Begin PBXGroup section */
		5AEDAC0A1B170DBA00DDC8DC = {
			isa = PBXGroup;
			children = (
				5AEDAC151B170DBA00DDC8DC /* ButtonTap */,
				5AEDAC2B1B170DBA00DDC8DC /* ButtonTapTests */,
				5AEDAC141B170DBA00DDC8DC /* Products */,
			);
			sourceTree = "<group>";
		};
		5AEDAC141B170DBA00DDC8DC /* Products */ = {
			isa = PBXGroup;
			children = (
				5AEDAC131B170DBA00DDC8DC /* ButtonTap.app */,
				5AEDAC281B170DBA00DDC8DC /* ButtonTapTests.xctest */,
			);
			name = Products;
			sourceTree = "<group>";
		};
		5AEDAC151B170DBA00DDC8DC /* ButtonTap */ = {
			isa = PBXGroup;
			children = (
				5AEDAC181B170DBA00DDC8DC /* AppDelegate.swift */,
				5AEDAC1A1B170DBA00DDC8DC /* ViewController.swift */,
				5AEDAC1C1B170DBA00DDC8DC /* Main.storyboard */,
				5AEDAC1F1B170DBA00DDC8DC /* Images.xcassets */,
				5AEDAC211B170DBA00DDC8DC /* LaunchScreen.xib */,
				5AEDAC161B170DBA00DDC8DC /* Supporting Files */,
			);
			path = ButtonTap;
			sourceTree = "<group>";
		};
		5AEDAC161B170DBA00DDC8DC /* Supporting Files */ = {
			isa = PBXGroup;
			children = (
				5AEDAC171B170DBA00DDC8DC /* Info.plist */,
			);
			name = "Supporting Files";
			sourceTree = "<group>";
		};
		5AEDAC2B1B170DBA00DDC8DC /* ButtonTapTests */ = {
			isa = PBXGroup;
			children = (
				5AEDAC2E1B170DBA00DDC8DC /* ButtonTapTests.swift */,
				5AEDAC2C1B170DBA00DDC8DC /* Supporting Files */,
			);
			path = ButtonTapTests;
			sourceTree = "<group>";
		};
		5AEDAC2C1B170DBA00DDC8DC /* Supporting Files */ = {
			isa = PBXGroup;
			children = (
				5AEDAC2D1B170DBA00DDC8DC /* Info.plist */,
			);
			name = "Supporting Files";
			sourceTree = "<group>";
		};
/* End PBXGroup section */

/* Begin PBXNativeTarget section */
		5AEDAC121B170DBA00DDC8DC /* ButtonTap */ = {
			isa = PBXNativeTarget;
			buildConfigurationList = 5AEDAC321B170DBA00DDC8DC /* Build configuration list for PBXNativeTarget "ButtonTap" */;
			buildPhases = (
				5AEDAC0F1B170DBA00DDC8DC /* Sources */,
				5AEDAC101B170DBA00DDC8DC /* Frameworks */,
				5AEDAC111B170DBA00DDC8DC /* Resources */,
			);
			buildRules = (
			);
			dependencies = (
			);
			name = ButtonTap;
			productName = ButtonTap;
			productReference = 5AEDAC131B170DBA00DDC8DC /* ButtonTap.app */;
			productType = "com.apple.product-type.application";
		};
		5AEDAC271B170DBA00DDC8DC /* ButtonTapTests */ = {
			isa = PBXNativeTarget;
			buildConfigurationList = 5AEDAC351B170DBA00DDC8DC /* Build configuration list for PBXNativeTarget "ButtonTapTests" */;
			buildPhases = (
				5AEDAC241B170DBA00DDC8DC /* Sources */,
				5AEDAC251B170DBA00DDC8DC /* Frameworks */,
				5AEDAC261B170DBA00DDC8DC /* Resources */,
			);
			buildRules = (
			);
			dependencies = (
				5AEDAC2A1B170DBA00DDC8DC /* PBXTargetDependency */,
			);
			name = ButtonTapTests;
			productName = ButtonTapTests;
			productReference = 5AEDAC281B170DBA00DDC8DC /* ButtonTapTests.xctest */;
			productType = "com.apple.product-type.bundle.unit-test";
		};
/* End PBXNativeTarget section */

/* Begin PBXProject section */
		5AEDAC0B1B170DBA00DDC8DC /* Project object */ = {
			isa = PBXProject;
			attributes = {
				LastUpgradeCheck = 0630;
				ORGANIZATIONNAME = "Yousuke Tezuka";
				TargetAttributes = {
					5AEDAC121B170DBA00DDC8DC = {
						CreatedOnToolsVersion = 6.3.2;
					};
					5AEDAC271B170DBA00DDC8DC = {
						CreatedOnToolsVersion = 6.3.2;
						TestTargetID = 5AEDAC121B170DBA00DDC8DC;
					};
				};
			};
			buildConfigurationList = 5AEDAC0E1B170DBA00DDC8DC /* Build configuration list for PBXProject "ButtonTap" */;
			compatibilityVersion = "Xcode 3.2";
			developmentRegion = English;
			hasScannedForEncodings = 0;
			knownRegions = (
				en,
				Base,
			);
			mainGroup = 5AEDAC0A1B170DBA00DDC8DC;
			productRefGroup = 5AEDAC141B170DBA00DDC8DC /* Products */;
			projectDirPath = "";
			projectRoot = "";
			targets = (
				5AEDAC121B170DBA00DDC8DC /* ButtonTap */,
				5AEDAC271B170DBA00DDC8DC /* ButtonTapTests */,
			);
		};
/* End PBXProject section */

/* Begin PBXResourcesBuildPhase section */
		5AEDAC111B170DBA00DDC8DC /* Resources */ = {
			isa = PBXResourcesBuildPhase;
			buildActionMask = 2147483647;
			files = (
				5AEDAC1E1B170DBA00DDC8DC /* Main.storyboard in Resources */,
				5AEDAC231B170DBA00DDC8DC /* LaunchScreen.xib in Resources */,
				5AEDAC201B170DBA00DDC8DC /* Images.xcassets in Resources */,
			);
			runOnlyForDeploymentPostprocessing = 0;
		};
		5AEDAC261B170DBA00DDC8DC /* Resources */ = {
			isa = PBXResourcesBuildPhase;
			buildActionMask = 2147483647;
			files = (
			);
			runOnlyForDeploymentPostprocessing = 0;
		};
/* End PBXResourcesBuildPhase section */

/* Begin PBXSourcesBuildPhase section */
		5AEDAC0F1B170DBA00DDC8DC /* Sources */ = {
			isa = PBXSourcesBuildPhase;
			buildActionMask = 2147483647;
			files = (
				5AEDAC1B1B170DBA00DDC8DC /* ViewController.swift in Sources */,
				5AEDAC191B170DBA00DDC8DC /* AppDelegate.swift in Sources */,
			);
			runOnlyForDeploymentPostprocessing = 0;
		};
		5AEDAC241B170DBA00DDC8DC /* Sources */ = {
			isa = PBXSourcesBuildPhase;
			buildActionMask = 2147483647;
			files = (
				5AEDAC2F1B170DBA00DDC8DC /* ButtonTapTests.swift in Sources */,
			);
			runOnlyForDeploymentPostprocessing = 0;
		};
/* End PBXSourcesBuildPhase section */

/* Begin PBXTargetDependency section */
		5AEDAC2A1B170DBA00DDC8DC /* PBXTargetDependency */ = {
			isa = PBXTargetDependency;
			target = 5AEDAC121B170DBA00DDC8DC /* ButtonTap */;
			targetProxy = 5AEDAC291B170DBA00DDC8DC /* PBXContainerItemProxy */;
		};
/* End PBXTargetDependency section */

/* Begin PBXVariantGroup section */
		5AEDAC1C1B170DBA00DDC8DC /* Main.storyboard */ = {
			isa = PBXVariantGroup;
			children = (
				5AEDAC1D1B170DBA00DDC8DC /* Base */,
			);
			name = Main.storyboard;
			sourceTree = "<group>";
		};
		5AEDAC211B170DBA00DDC8DC /* LaunchScreen.xib */ = {
			isa = PBXVariantGroup;
			children = (
				5AEDAC221B170DBA00DDC8DC /* Base */,
			);
			name = LaunchScreen.xib;
			sourceTree = "<group>";
		};
/* End PBXVariantGroup section */

/* Begin XCBuildConfiguration section */
		5AEDAC301B170DBA00DDC8DC /* Debug */ = {
			isa = XCBuildConfiguration;
			buildSettings = {
				ALWAYS_SEARCH_USER_PATHS = NO;
				CLANG_CXX_LANGUAGE_STANDARD = "gnu++0x";
				CLANG_CXX_LIBRARY = "libc++";
				CLANG_ENABLE_MODULES = YES;
				CLANG_ENABLE_OBJC_ARC = YES;
				CLANG_WARN_BOOL_CONVERSION = YES;
				CLANG_WARN_CONSTANT_CONVERSION = YES;
				CLANG_WARN_DIRECT_OBJC_ISA_USAGE = YES_ERROR;
				CLANG_WARN_EMPTY_BODY = YES;
				CLANG_WARN_ENUM_CONVERSION = YES;
				CLANG_WARN_INT_CONVERSION = YES;
				CLANG_WARN_OBJC_ROOT_CLASS = YES_ERROR;
				CLANG_WARN_UNREACHABLE_CODE = YES;
				CLANG_WARN__DUPLICATE_METHOD_MATCH = YES;
				"CODE_SIGN_IDENTITY[sdk=iphoneos*]" = "iPhone Developer";
				COPY_PHASE_STRIP = NO;
				DEBUG_INFORMATION_FORMAT = "dwarf-with-dsym";
				ENABLE_STRICT_OBJC_MSGSEND = YES;
				GCC_C_LANGUAGE_STANDARD = gnu99;
				GCC_DYNAMIC_NO_PIC = NO;
				GCC_NO_COMMON_BLOCKS = YES;
				GCC_OPTIMIZATION_LEVEL = 0;
				GCC_PREPROCESSOR_DEFINITIONS = (
					"DEBUG=1",
					"$(inherited)",
				);
				GCC_SYMBOLS_PRIVATE_EXTERN = NO;
				GCC_WARN_64_TO_32_BIT_CONVERSION = YES;
				GCC_WARN_ABOUT_RETURN_TYPE = YES_ERROR;
				GCC_WARN_UNDECLARED_SELECTOR = YES;
				GCC_WARN_UNINITIALIZED_AUTOS = YES_AGGRESSIVE;
				GCC_WARN_UNUSED_FUNCTION = YES;
				GCC_WARN_UNUSED_VARIABLE = YES;
				IPHONEOS_DEPLOYMENT_TARGET = 8.3;
				MTL_ENABLE_DEBUG_INFO = YES;
				ONLY_ACTIVE_ARCH = YES;
				SDKROOT = iphoneos;
				SWIFT_OPTIMIZATION_LEVEL = "-Onone";
			};
			name = Debug;
		};
		5AEDAC311B170DBA00DDC8DC /* Release */ = {
			isa = XCBuildConfiguration;
			buildSettings = {
				ALWAYS_SEARCH_USER_PATHS = NO;
				CLANG_CXX_LANGUAGE_STANDARD = "gnu++0x";
				CLANG_CXX_LIBRARY = "libc++";
				CLANG_ENABLE_MODULES = YES;
				CLANG_ENABLE_OBJC_ARC = YES;
				CLANG_WARN_BOOL_CONVERSION = YES;
				CLANG_WARN_CONSTANT_CONVERSION = YES;
				CLANG_WARN_DIRECT_OBJC_ISA_USAGE = YES_ERROR;
				CLANG_WARN_EMPTY_BODY = YES;
				CLANG_WARN_ENUM_CONVERSION = YES;
				CLANG_WARN_INT_CONVERSION = YES;
				CLANG_WARN_OBJC_ROOT_CLASS = YES_ERROR;
				CLANG_WARN_UNREACHABLE_CODE = YES;
				CLANG_WARN__DUPLICATE_METHOD_MATCH = YES;
				"CODE_SIGN_IDENTITY[sdk=iphoneos*]" = "iPhone Developer";
				COPY_PHASE_STRIP = NO;
				DEBUG_INFORMATION_FORMAT = "dwarf-with-dsym";
				ENABLE_NS_ASSERTIONS = NO;
				ENABLE_STRICT_OBJC_MSGSEND = YES;
				GCC_C_LANGUAGE_STANDARD = gnu99;
				GCC_NO_COMMON_BLOCKS = YES;
				GCC_WARN_64_TO_32_BIT_CONVERSION = YES;
				GCC_WARN_ABOUT_RETURN_TYPE = YES_ERROR;
				GCC_WARN_UNDECLARED_SELECTOR = YES;
				GCC_WARN_UNINITIALIZED_AUTOS = YES_AGGRESSIVE;
				GCC_WARN_UNUSED_FUNCTION = YES;
				GCC_WARN_UNUSED_VARIABLE = YES;
				IPHONEOS_DEPLOYMENT_TARGET = 8.3;
				MTL_ENABLE_DEBUG_INFO = NO;
				SDKROOT = iphoneos;
				VALIDATE_PRODUCT = YES;
			};
			name = Release;
		};
		5AEDAC331B170DBA00DDC8DC /* Debug */ = {
			isa = XCBuildConfiguration;
			buildSettings = {
				ASSETCATALOG_COMPILER_APPICON_NAME = AppIcon;
				INFOPLIST_FILE = ButtonTap/Info.plist;
				LD_RUNPATH_SEARCH_PATHS = "$(inherited) @executable_path/Frameworks";
				PRODUCT_NAME = "$(TARGET_NAME)";
			};
			name = Debug;
		};
		5AEDAC341B170DBA00DDC8DC /* Release */ = {
			isa = XCBuildConfiguration;
			buildSettings = {
				ASSETCATALOG_COMPILER_APPICON_NAME = AppIcon;
				INFOPLIST_FILE = ButtonTap/Info.plist;
				LD_RUNPATH_SEARCH_PATHS = "$(inherited) @executable_path/Frameworks";
				PRODUCT_NAME = "$(TARGET_NAME)";
			};
			name = Release;
		};
		5AEDAC361B170DBA00DDC8DC /* Debug */ = {
			isa = XCBuildConfiguration;
			buildSettings = {
				BUNDLE_LOADER = "$(TEST_HOST)";
				FRAMEWORK_SEARCH_PATHS = (
					"$(SDKROOT)/Developer/Library/Frameworks",
					"$(inherited)",
				);
				GCC_PREPROCESSOR_DEFINITIONS = (
					"DEBUG=1",
					"$(inherited)",
				);
				INFOPLIST_FILE = ButtonTapTests/Info.plist;
				LD_RUNPATH_SEARCH_PATHS = "$(inherited) @executable_path/Frameworks @loader_path/Frameworks";
				PRODUCT_NAME = "$(TARGET_NAME)";
				TEST_HOST = "$(BUILT_PRODUCTS_DIR)/ButtonTap.app/ButtonTap";
			};
			name = Debug;
		};
		5AEDAC371B170DBA00DDC8DC /* Release */ = {
			isa = XCBuildConfiguration;
			buildSettings = {
				BUNDLE_LOADER = "$(TEST_HOST)";
				FRAMEWORK_SEARCH_PATHS = (
					"$(SDKROOT)/Developer/Library/Frameworks",
					"$(inherited)",
				);
				INFOPLIST_FILE = ButtonTapTests/Info.plist;
				LD_RUNPATH_SEARCH_PATHS = "$(inherited) @executable_path/Frameworks @loader_path/Frameworks";
				PRODUCT_NAME = "$(TARGET_NAME)";
				TEST_HOST = "$(BUILT_PRODUCTS_DIR)/ButtonTap.app/ButtonTap";
			};
			name = Release;
		};
/* End XCBuildConfiguration section */

/* Begin XCConfigurationList section */
		5AEDAC0E1B170DBA00DDC8DC /* Build configuration list for PBXProject "ButtonTap" */ = {
			isa = XCConfigurationList;
			buildConfigurations = (
				5AEDAC301B170DBA00DDC8DC /* Debug */,
				5AEDAC311B170DBA00DDC8DC /* Release */,
			);
			defaultConfigurationIsVisible = 0;
			defaultConfigurationName = Release;
		};
		5AEDAC321B170DBA00DDC8DC /* Build configuration list for PBXNativeTarget "ButtonTap" */ = {
			isa = XCConfigurationList;
			buildConfigurations = (
				5AEDAC331B170DBA00DDC8DC /* Debug */,
				5AEDAC341B170DBA00DDC8DC /* Release */,
			);
			defaultConfigurationIsVisible = 0;
		};
		5AEDAC351B170DBA00DDC8DC /* Build configuration list for PBXNativeTarget "ButtonTapTests" */ = {
			isa = XCConfigurationList;
			buildConfigurations = (
				5AEDAC361B170DBA00DDC8DC /* Debug */,
				5AEDAC371B170DBA00DDC8DC /* Release */,
			);
			defaultConfigurationIsVisible = 0;
		};
/* End XCConfigurationList section */
	};
	rootObject = 5AEDAC0B1B170DBA00DDC8DC /* Project object */;
}
